
Microsoft Visual Studio Solution File, Format Version 12.00
# Visual Studio Version 16
VisualStudioVersion = 16.0.28803.352
MinimumVisualStudioVersion = 10.0.40219.1
Project("{FAE04EC0-301F-11D3-BF4B-00C04F79EFBC}") = "Lesson8_HW_Task5", "Lesson8_HW_Task5\Lesson8_HW_Task5.csproj", "{600A9AEC-7618-4F99-9B2A-ECB66422647D}"
EndProject
Global
	GlobalSection(SolutionConfigurationPlatforms) = preSolution
		Debug|Any CPU = Debug|Any CPU
		Release|Any CPU = Release|Any CPU
	EndGlobalSection
	GlobalSection(ProjectConfigurationPlatforms) = postSolution
		{600A9AEC-7618-4F99-9B2A-ECB66422647D}.Debug|Any CPU.ActiveCfg = Debug|Any CPU
		{600A9AEC-7618-4F99-9B2A-ECB66422647D}.Debug|Any CPU.Build.0 = Debug|Any CPU
		{600A9AEC-7618-4F99-9B2A-ECB66422647D}.Release|Any CPU.ActiveCfg = Release|Any CPU
		{600A9AEC-7618-4F99-9B2A-ECB66422647D}.Release|Any CPU.Build.0 = Release|Any CPU
	EndGlobalSection
	GlobalSection(SolutionProperties) = preSolution
		HideSolutionNode = FALSE
	EndGlobalSection
	GlobalSection(ExtensibilityGlobals) = postSolution
		SolutionGuid = {E55C98C0-79E2-4318-9F16-EFF7F74A5A2A}
	EndGlobalSection
EndGlobal
